
Microsoft Visual Studio Solution File, Format Version 12.00
# Visual Studio 14
VisualStudioVersion = 14.0.24720.0
MinimumVisualStudioVersion = 10.0.40219.1
Project("{2150E333-8FDC-42A3-9474-1A3956D46DE8}") = "src", "src", "{2F4A27D5-24A5-4C8C-9D95-4E9E2814DF43}"
EndProject
Project("{2150E333-8FDC-42A3-9474-1A3956D46DE8}") = "Solution Items", "Solution Items", "{1DCEC8EB-8B56-42F0-BC64-C656D1238C03}"
	ProjectSection(SolutionItems) = preProject
		global.json = global.json
		Prebuild.ps1 = Prebuild.ps1
		PublishASPWebSite.ps1 = PublishASPWebSite.ps1
	EndProjectSection
EndProject
Project("{8BB2217D-0F2D-49D1-97BC-3654ED321F3B}") = "MSGuide", "src\MSGuide\MSGuide.xproj", "{75DABF49-9C4F-4759-A5DD-A237861483FE}"
EndProject
Project("{8BB2217D-0F2D-49D1-97BC-3654ED321F3B}") = "MSGuide.Repositories", "src\MSGuide.Repositories\MSGuide.Repositories.xproj", "{B0581842-59F8-42DF-A171-A44F8800A2EE}"
EndProject
Project("{8BB2217D-0F2D-49D1-97BC-3654ED321F3B}") = "MSGuide.Tests", "src\MSGuide.Tests\MSGuide.Tests.xproj", "{05EA7FCA-107C-498D-BBFF-E023E18B5F23}"
EndProject
Global
	GlobalSection(SolutionConfigurationPlatforms) = preSolution
		Debug|Any CPU = Debug|Any CPU
		Release|Any CPU = Release|Any CPU
	EndGlobalSection
	GlobalSection(ProjectConfigurationPlatforms) = postSolution
		{75DABF49-9C4F-4759-A5DD-A237861483FE}.Debug|Any CPU.ActiveCfg = Debug|Any CPU
		{75DABF49-9C4F-4759-A5DD-A237861483FE}.Debug|Any CPU.Build.0 = Debug|Any CPU
		{75DABF49-9C4F-4759-A5DD-A237861483FE}.Release|Any CPU.ActiveCfg = Release|Any CPU
		{75DABF49-9C4F-4759-A5DD-A237861483FE}.Release|Any CPU.Build.0 = Release|Any CPU
		{B0581842-59F8-42DF-A171-A44F8800A2EE}.Debug|Any CPU.ActiveCfg = Debug|Any CPU
		{B0581842-59F8-42DF-A171-A44F8800A2EE}.Debug|Any CPU.Build.0 = Debug|Any CPU
		{B0581842-59F8-42DF-A171-A44F8800A2EE}.Release|Any CPU.ActiveCfg = Release|Any CPU
		{B0581842-59F8-42DF-A171-A44F8800A2EE}.Release|Any CPU.Build.0 = Release|Any CPU
		{05EA7FCA-107C-498D-BBFF-E023E18B5F23}.Debug|Any CPU.ActiveCfg = Debug|Any CPU
		{05EA7FCA-107C-498D-BBFF-E023E18B5F23}.Debug|Any CPU.Build.0 = Debug|Any CPU
		{05EA7FCA-107C-498D-BBFF-E023E18B5F23}.Release|Any CPU.ActiveCfg = Release|Any CPU
		{05EA7FCA-107C-498D-BBFF-E023E18B5F23}.Release|Any CPU.Build.0 = Release|Any CPU
	EndGlobalSection
	GlobalSection(SolutionProperties) = preSolution
		HideSolutionNode = FALSE
	EndGlobalSection
	GlobalSection(NestedProjects) = preSolution
		{75DABF49-9C4F-4759-A5DD-A237861483FE} = {2F4A27D5-24A5-4C8C-9D95-4E9E2814DF43}
		{B0581842-59F8-42DF-A171-A44F8800A2EE} = {2F4A27D5-24A5-4C8C-9D95-4E9E2814DF43}
		{05EA7FCA-107C-498D-BBFF-E023E18B5F23} = {2F4A27D5-24A5-4C8C-9D95-4E9E2814DF43}
	EndGlobalSection
EndGlobal
