
Microsoft Visual Studio Solution File, Format Version 12.00
# Visual Studio 14
VisualStudioVersion = 14.0.25123.0
MinimumVisualStudioVersion = 10.0.40219.1
Project("{2150E333-8FDC-42A3-9474-1A3956D46DE8}") = "src", "src", "{3708D28A-8987-4D4D-AEE0-3F2688D7D3E9}"
EndProject
Project("{2150E333-8FDC-42A3-9474-1A3956D46DE8}") = "Solution Items", "Solution Items", "{55BF5B26-9356-41C9-BFAD-84FE5D774410}"
	ProjectSection(SolutionItems) = preProject
		global.json = global.json
		Prebuild.ps1 = Prebuild.ps1
		PublishASPWebSite.ps1 = PublishASPWebSite.ps1
	EndProjectSection
EndProject
Project("{8BB2217D-0F2D-49D1-97BC-3654ED321F3B}") = "MSStories", "src\MSStories\MSStories.xproj", "{BCE0E430-027C-41D7-B6E4-87431645B242}"
EndProject
Project("{8BB2217D-0F2D-49D1-97BC-3654ED321F3B}") = "MSStories.Repositories", "src\MSStories.Repositories\MSStories.Repositories.xproj", "{5770E86C-ACFE-4B57-9877-C0C52F953C9D}"
EndProject
Project("{8BB2217D-0F2D-49D1-97BC-3654ED321F3B}") = "MSStories.Model", "src\MSStories.Model\MSStories.Model.xproj", "{BBEE8094-8D59-40A0-A8DA-6A0ED0FF9535}"
EndProject
Project("{8BB2217D-0F2D-49D1-97BC-3654ED321F3B}") = "MSStories.Model.Migrator", "src\MSStories.Model.Migrator\MSStories.Model.Migrator.xproj", "{505D063D-0FE1-4001-A293-7F742B18F268}"
EndProject
Global
	GlobalSection(SolutionConfigurationPlatforms) = preSolution
		Debug|Any CPU = Debug|Any CPU
		Release|Any CPU = Release|Any CPU
	EndGlobalSection
	GlobalSection(ProjectConfigurationPlatforms) = postSolution
		{BCE0E430-027C-41D7-B6E4-87431645B242}.Debug|Any CPU.ActiveCfg = Debug|Any CPU
		{BCE0E430-027C-41D7-B6E4-87431645B242}.Debug|Any CPU.Build.0 = Debug|Any CPU
		{BCE0E430-027C-41D7-B6E4-87431645B242}.Release|Any CPU.ActiveCfg = Release|Any CPU
		{BCE0E430-027C-41D7-B6E4-87431645B242}.Release|Any CPU.Build.0 = Release|Any CPU
		{5770E86C-ACFE-4B57-9877-C0C52F953C9D}.Debug|Any CPU.ActiveCfg = Debug|Any CPU
		{5770E86C-ACFE-4B57-9877-C0C52F953C9D}.Debug|Any CPU.Build.0 = Debug|Any CPU
		{5770E86C-ACFE-4B57-9877-C0C52F953C9D}.Release|Any CPU.ActiveCfg = Release|Any CPU
		{5770E86C-ACFE-4B57-9877-C0C52F953C9D}.Release|Any CPU.Build.0 = Release|Any CPU
		{BBEE8094-8D59-40A0-A8DA-6A0ED0FF9535}.Debug|Any CPU.ActiveCfg = Debug|Any CPU
		{BBEE8094-8D59-40A0-A8DA-6A0ED0FF9535}.Debug|Any CPU.Build.0 = Debug|Any CPU
		{BBEE8094-8D59-40A0-A8DA-6A0ED0FF9535}.Release|Any CPU.ActiveCfg = Release|Any CPU
		{BBEE8094-8D59-40A0-A8DA-6A0ED0FF9535}.Release|Any CPU.Build.0 = Release|Any CPU
		{505D063D-0FE1-4001-A293-7F742B18F268}.Debug|Any CPU.ActiveCfg = Debug|Any CPU
		{505D063D-0FE1-4001-A293-7F742B18F268}.Debug|Any CPU.Build.0 = Debug|Any CPU
		{505D063D-0FE1-4001-A293-7F742B18F268}.Release|Any CPU.ActiveCfg = Release|Any CPU
		{505D063D-0FE1-4001-A293-7F742B18F268}.Release|Any CPU.Build.0 = Release|Any CPU
	EndGlobalSection
	GlobalSection(SolutionProperties) = preSolution
		HideSolutionNode = FALSE
	EndGlobalSection
	GlobalSection(NestedProjects) = preSolution
		{BCE0E430-027C-41D7-B6E4-87431645B242} = {3708D28A-8987-4D4D-AEE0-3F2688D7D3E9}
		{5770E86C-ACFE-4B57-9877-C0C52F953C9D} = {3708D28A-8987-4D4D-AEE0-3F2688D7D3E9}
		{BBEE8094-8D59-40A0-A8DA-6A0ED0FF9535} = {3708D28A-8987-4D4D-AEE0-3F2688D7D3E9}
		{505D063D-0FE1-4001-A293-7F742B18F268} = {3708D28A-8987-4D4D-AEE0-3F2688D7D3E9}
	EndGlobalSection
EndGlobal
